
Microsoft Visual Studio Solution File, Format Version 11.00
# Visual Studio 2010
Project("{8BC9CEB8-8B4A-11D0-8D11-00A0C91BC942}") = "FastSearchByteTest", "FastSearchByteTest\FastSearchByteTest.vcxproj", "{916E90B5-4830-4888-8931-009B35B408D0}"
EndProject
Global
	GlobalSection(SolutionConfigurationPlatforms) = preSolution
		Debug|Win32 = Debug|Win32
		Release|Win32 = Release|Win32
	EndGlobalSection
	GlobalSection(ProjectConfigurationPlatforms) = postSolution
		{916E90B5-4830-4888-8931-009B35B408D0}.Debug|Win32.ActiveCfg = Debug|Win32
		{916E90B5-4830-4888-8931-009B35B408D0}.Debug|Win32.Build.0 = Debug|Win32
		{916E90B5-4830-4888-8931-009B35B408D0}.Release|Win32.ActiveCfg = Release|Win32
		{916E90B5-4830-4888-8931-009B35B408D0}.Release|Win32.Build.0 = Release|Win32
	EndGlobalSection
	GlobalSection(SolutionProperties) = preSolution
		HideSolutionNode = FALSE
	EndGlobalSection
EndGlobal
